{
  "name": "trogly",
  "lockfileVersion": 3,
  "requires": true,
  "packages": {
    "": {
      "dependencies": {
        "irondocks": "^2.8.3"
      }
    },
    "node_modules/irondocks": {
      "version": "2.8.3",
      "resolved": "https://registry.npmjs.org/irondocks/-/irondocks-2.8.3.tgz",
      "integrity": "sha512-mXfccAlozTsZjlTplaQoMRJ3blKjAZ0VHeoQqEguwXTNrKPiwMylLDq4XZpFnCKMShJs4tRvqmOC8J+U4zSJow=="
    }
  }
}
